
Microsoft Visual Studio Solution File, Format Version 12.00
# Visual Studio 2012
Project("{FAE04EC0-301F-11D3-BF4B-00C04F79EFBC}") = "fmDotNet", "fmDotNet\fmDotNet.csproj", "{E1D85D3C-F391-4327-BBD4-9A82B33807DC}"
EndProject
Project("{FAE04EC0-301F-11D3-BF4B-00C04F79EFBC}") = "fmDotNet.Tests", "fmDotNet.Tests\fmDotNet.Tests.csproj", "{F5531EDA-70C0-4468-A17B-FC8166B22C6D}"
EndProject
Global
	GlobalSection(SolutionConfigurationPlatforms) = preSolution
		Debug|Any CPU = Debug|Any CPU
		Release|Any CPU = Release|Any CPU
	EndGlobalSection
	GlobalSection(ProjectConfigurationPlatforms) = postSolution
		{E1D85D3C-F391-4327-BBD4-9A82B33807DC}.Debug|Any CPU.ActiveCfg = Debug|Any CPU
		{E1D85D3C-F391-4327-BBD4-9A82B33807DC}.Debug|Any CPU.Build.0 = Debug|Any CPU
		{E1D85D3C-F391-4327-BBD4-9A82B33807DC}.Release|Any CPU.ActiveCfg = Release|Any CPU
		{E1D85D3C-F391-4327-BBD4-9A82B33807DC}.Release|Any CPU.Build.0 = Release|Any CPU
		{F5531EDA-70C0-4468-A17B-FC8166B22C6D}.Debug|Any CPU.ActiveCfg = Debug|Any CPU
		{F5531EDA-70C0-4468-A17B-FC8166B22C6D}.Debug|Any CPU.Build.0 = Debug|Any CPU
		{F5531EDA-70C0-4468-A17B-FC8166B22C6D}.Release|Any CPU.ActiveCfg = Release|Any CPU
		{F5531EDA-70C0-4468-A17B-FC8166B22C6D}.Release|Any CPU.Build.0 = Release|Any CPU
	EndGlobalSection
	GlobalSection(SolutionProperties) = preSolution
		HideSolutionNode = FALSE
	EndGlobalSection
	GlobalSection(SubversionScc) = preSolution
		Svn-Managed = True
		Manager = AnkhSVN - Subversion Support for Visual Studio
	EndGlobalSection
EndGlobal
